
Microsoft Visual Studio Solution File, Format Version 12.00
# Visual Studio Version 16
VisualStudioVersion = 16.0.31321.278
MinimumVisualStudioVersion = 10.0.40219.1
Project("{9A19103F-16F7-4668-BE54-9A1E7A4F7556}") = "KampIntro", "KampIntro\KampIntro.csproj", "{0019FF41-254C-4758-AA03-2456F7FCCD7D}"
EndProject
Project("{9A19103F-16F7-4668-BE54-9A1E7A4F7556}") = "Donguler", "Donguler\Donguler.csproj", "{0E9FF174-E887-44D9-A79A-DB2572AC6860}"
EndProject
Project("{9A19103F-16F7-4668-BE54-9A1E7A4F7556}") = "ClassIntro", "ClassIntro\ClassIntro.csproj", "{993F17C3-451F-428A-B178-FAC2BB177D8E}"
EndProject
Project("{9A19103F-16F7-4668-BE54-9A1E7A4F7556}") = "Metotlar", "Metotlar\Metotlar.csproj", "{1113B492-1039-48DA-BC63-DD9039B609FB}"
EndProject
Project("{9A19103F-16F7-4668-BE54-9A1E7A4F7556}") = "Matematik", "Matematik\Matematik.csproj", "{F94D3D31-6722-4DCD-8DE7-3F749CB948E9}"
EndProject
Project("{9A19103F-16F7-4668-BE54-9A1E7A4F7556}") = "DegerVeReferansTipler", "DegerVeReferansTipler\DegerVeReferansTipler.csproj", "{5C82F972-C155-430C-BE6B-C138F8856FBC}"
EndProject
Project("{FAE04EC0-301F-11D3-BF4B-00C04F79EFBC}") = "OOP", "OOP\OOP.csproj", "{FD755328-0A51-472C-B13C-587208CCCEB2}"
EndProject
Project("{FAE04EC0-301F-11D3-BF4B-00C04F79EFBC}") = "Collections", "Collections\Collections.csproj", "{4E71CF33-6AB9-48D3-84E6-A1E80C42A09A}"
EndProject
Project("{FAE04EC0-301F-11D3-BF4B-00C04F79EFBC}") = "GenericsIntro", "GenericsIntro\GenericsIntro.csproj", "{88CBFCB0-E518-49BE-92DA-3098B7F50487}"
EndProject
Global
	GlobalSection(SolutionConfigurationPlatforms) = preSolution
		Debug|Any CPU = Debug|Any CPU
		Release|Any CPU = Release|Any CPU
	EndGlobalSection
	GlobalSection(ProjectConfigurationPlatforms) = postSolution
		{0019FF41-254C-4758-AA03-2456F7FCCD7D}.Debug|Any CPU.ActiveCfg = Debug|Any CPU
		{0019FF41-254C-4758-AA03-2456F7FCCD7D}.Debug|Any CPU.Build.0 = Debug|Any CPU
		{0019FF41-254C-4758-AA03-2456F7FCCD7D}.Release|Any CPU.ActiveCfg = Release|Any CPU
		{0019FF41-254C-4758-AA03-2456F7FCCD7D}.Release|Any CPU.Build.0 = Release|Any CPU
		{0E9FF174-E887-44D9-A79A-DB2572AC6860}.Debug|Any CPU.ActiveCfg = Debug|Any CPU
		{0E9FF174-E887-44D9-A79A-DB2572AC6860}.Debug|Any CPU.Build.0 = Debug|Any CPU
		{0E9FF174-E887-44D9-A79A-DB2572AC6860}.Release|Any CPU.ActiveCfg = Release|Any CPU
		{0E9FF174-E887-44D9-A79A-DB2572AC6860}.Release|Any CPU.Build.0 = Release|Any CPU
		{993F17C3-451F-428A-B178-FAC2BB177D8E}.Debug|Any CPU.ActiveCfg = Debug|Any CPU
		{993F17C3-451F-428A-B178-FAC2BB177D8E}.Debug|Any CPU.Build.0 = Debug|Any CPU
		{993F17C3-451F-428A-B178-FAC2BB177D8E}.Release|Any CPU.ActiveCfg = Release|Any CPU
		{993F17C3-451F-428A-B178-FAC2BB177D8E}.Release|Any CPU.Build.0 = Release|Any CPU
		{1113B492-1039-48DA-BC63-DD9039B609FB}.Debug|Any CPU.ActiveCfg = Debug|Any CPU
		{1113B492-1039-48DA-BC63-DD9039B609FB}.Debug|Any CPU.Build.0 = Debug|Any CPU
		{1113B492-1039-48DA-BC63-DD9039B609FB}.Release|Any CPU.ActiveCfg = Release|Any CPU
		{1113B492-1039-48DA-BC63-DD9039B609FB}.Release|Any CPU.Build.0 = Release|Any CPU
		{F94D3D31-6722-4DCD-8DE7-3F749CB948E9}.Debug|Any CPU.ActiveCfg = Debug|Any CPU
		{F94D3D31-6722-4DCD-8DE7-3F749CB948E9}.Debug|Any CPU.Build.0 = Debug|Any CPU
		{F94D3D31-6722-4DCD-8DE7-3F749CB948E9}.Release|Any CPU.ActiveCfg = Release|Any CPU
		{F94D3D31-6722-4DCD-8DE7-3F749CB948E9}.Release|Any CPU.Build.0 = Release|Any CPU
		{5C82F972-C155-430C-BE6B-C138F8856FBC}.Debug|Any CPU.ActiveCfg = Debug|Any CPU
		{5C82F972-C155-430C-BE6B-C138F8856FBC}.Debug|Any CPU.Build.0 = Debug|Any CPU
		{5C82F972-C155-430C-BE6B-C138F8856FBC}.Release|Any CPU.ActiveCfg = Release|Any CPU
		{5C82F972-C155-430C-BE6B-C138F8856FBC}.Release|Any CPU.Build.0 = Release|Any CPU
		{FD755328-0A51-472C-B13C-587208CCCEB2}.Debug|Any CPU.ActiveCfg = Debug|Any CPU
		{FD755328-0A51-472C-B13C-587208CCCEB2}.Debug|Any CPU.Build.0 = Debug|Any CPU
		{FD755328-0A51-472C-B13C-587208CCCEB2}.Release|Any CPU.ActiveCfg = Release|Any CPU
		{FD755328-0A51-472C-B13C-587208CCCEB2}.Release|Any CPU.Build.0 = Release|Any CPU
		{4E71CF33-6AB9-48D3-84E6-A1E80C42A09A}.Debug|Any CPU.ActiveCfg = Debug|Any CPU
		{4E71CF33-6AB9-48D3-84E6-A1E80C42A09A}.Debug|Any CPU.Build.0 = Debug|Any CPU
		{4E71CF33-6AB9-48D3-84E6-A1E80C42A09A}.Release|Any CPU.ActiveCfg = Release|Any CPU
		{4E71CF33-6AB9-48D3-84E6-A1E80C42A09A}.Release|Any CPU.Build.0 = Release|Any CPU
		{88CBFCB0-E518-49BE-92DA-3098B7F50487}.Debug|Any CPU.ActiveCfg = Debug|Any CPU
		{88CBFCB0-E518-49BE-92DA-3098B7F50487}.Debug|Any CPU.Build.0 = Debug|Any CPU
		{88CBFCB0-E518-49BE-92DA-3098B7F50487}.Release|Any CPU.ActiveCfg = Release|Any CPU
		{88CBFCB0-E518-49BE-92DA-3098B7F50487}.Release|Any CPU.Build.0 = Release|Any CPU
	EndGlobalSection
	GlobalSection(SolutionProperties) = preSolution
		HideSolutionNode = FALSE
	EndGlobalSection
	GlobalSection(ExtensibilityGlobals) = postSolution
		SolutionGuid = {64903C4C-6439-4D7E-8C66-4120475E154F}
	EndGlobalSection
EndGlobal
